
Microsoft Visual Studio Solution File, Format Version 12.00
# Visual Studio Version 17
VisualStudioVersion = 17.4.33205.214
MinimumVisualStudioVersion = 10.0.40219.1
Project("{FAE04EC0-301F-11D3-BF4B-00C04F79EFBC}") = "SystemProgramming", "SystemProgramming\SystemProgramming.csproj", "{E6CD3725-0C5F-49CE-BAF6-4DB3C685D856}"
EndProject
Global
	GlobalSection(SolutionConfigurationPlatforms) = preSolution
		Debug|Any CPU = Debug|Any CPU
		Release|Any CPU = Release|Any CPU
	EndGlobalSection
	GlobalSection(ProjectConfigurationPlatforms) = postSolution
		{E6CD3725-0C5F-49CE-BAF6-4DB3C685D856}.Debug|Any CPU.ActiveCfg = Debug|Any CPU
		{E6CD3725-0C5F-49CE-BAF6-4DB3C685D856}.Debug|Any CPU.Build.0 = Debug|Any CPU
		{E6CD3725-0C5F-49CE-BAF6-4DB3C685D856}.Release|Any CPU.ActiveCfg = Release|Any CPU
		{E6CD3725-0C5F-49CE-BAF6-4DB3C685D856}.Release|Any CPU.Build.0 = Release|Any CPU
	EndGlobalSection
	GlobalSection(SolutionProperties) = preSolution
		HideSolutionNode = FALSE
	EndGlobalSection
	GlobalSection(ExtensibilityGlobals) = postSolution
		SolutionGuid = {3E59649C-98BE-43D2-8E0D-6FB251692762}
	EndGlobalSection
EndGlobal
